github.com/lingyuecm/aldyt v0.0.0-20231120112507-90245bd22a65 h1:Ww3liCDiHb59rGWZSKq7xGEDWamNBml263DJQkt8xIs=
github.com/lingyuecm/aldyt v0.0.0-20231120112507-90245bd22a65/go.mod h1:rr37SpSJanFeZoLwYfJZfjo1ab9+feLSFpIIuQe7jA4=
github.com/lingyuecm/aldyt v1.0.0 h1:53UlIM5jbJnrJWxbdGHSAp5xAQe8p6PAd/rwMk2SDqk=
github.com/lingyuecm/aldyt v1.0.0/go.mod h1:rr37SpSJanFeZoLwYfJZfjo1ab9+feLSFpIIuQe7jA4=
